
Microsoft Visual Studio Solution File, Format Version 12.00
# Visual Studio Version 16
VisualStudioVersion = 16.0.29613.14
MinimumVisualStudioVersion = 15.0.26124.0
Project("{9A19103F-16F7-4668-BE54-9A1E7A4F7556}") = "Systembolaget.Releases.Indexer", "src\Systembolaget.Releases.Indexer\Systembolaget.Releases.Indexer.csproj", "{A0FDFCC4-6E3A-4228-BD1D-DF84F97F7A35}"
EndProject
Project("{9A19103F-16F7-4668-BE54-9A1E7A4F7556}") = "Systembolaget.Releases.Indexer.Tests", "test\Systembolaget.Releases.Indexer.Tests\Systembolaget.Releases.Indexer.Tests.csproj", "{62529D88-80AD-4DD8-BF86-ADC5CA26A3D3}"
EndProject
Project("{2150E333-8FDC-42A3-9474-1A3956D46DE8}") = "Tests", "Tests", "{B48EE214-6364-4810-B0E7-D633A0819D40}"
EndProject
Global
	GlobalSection(SolutionConfigurationPlatforms) = preSolution
		Debug|Any CPU = Debug|Any CPU
		Debug|x64 = Debug|x64
		Debug|x86 = Debug|x86
		Release|Any CPU = Release|Any CPU
		Release|x64 = Release|x64
		Release|x86 = Release|x86
	EndGlobalSection
	GlobalSection(ProjectConfigurationPlatforms) = postSolution
		{A0FDFCC4-6E3A-4228-BD1D-DF84F97F7A35}.Debug|Any CPU.ActiveCfg = Debug|Any CPU
		{A0FDFCC4-6E3A-4228-BD1D-DF84F97F7A35}.Debug|Any CPU.Build.0 = Debug|Any CPU
		{A0FDFCC4-6E3A-4228-BD1D-DF84F97F7A35}.Debug|x64.ActiveCfg = Debug|Any CPU
		{A0FDFCC4-6E3A-4228-BD1D-DF84F97F7A35}.Debug|x64.Build.0 = Debug|Any CPU
		{A0FDFCC4-6E3A-4228-BD1D-DF84F97F7A35}.Debug|x86.ActiveCfg = Debug|Any CPU
		{A0FDFCC4-6E3A-4228-BD1D-DF84F97F7A35}.Debug|x86.Build.0 = Debug|Any CPU
		{A0FDFCC4-6E3A-4228-BD1D-DF84F97F7A35}.Release|Any CPU.ActiveCfg = Release|Any CPU
		{A0FDFCC4-6E3A-4228-BD1D-DF84F97F7A35}.Release|Any CPU.Build.0 = Release|Any CPU
		{A0FDFCC4-6E3A-4228-BD1D-DF84F97F7A35}.Release|x64.ActiveCfg = Release|Any CPU
		{A0FDFCC4-6E3A-4228-BD1D-DF84F97F7A35}.Release|x64.Build.0 = Release|Any CPU
		{A0FDFCC4-6E3A-4228-BD1D-DF84F97F7A35}.Release|x86.ActiveCfg = Release|Any CPU
		{A0FDFCC4-6E3A-4228-BD1D-DF84F97F7A35}.Release|x86.Build.0 = Release|Any CPU
		{62529D88-80AD-4DD8-BF86-ADC5CA26A3D3}.Debug|Any CPU.ActiveCfg = Debug|Any CPU
		{62529D88-80AD-4DD8-BF86-ADC5CA26A3D3}.Debug|Any CPU.Build.0 = Debug|Any CPU
		{62529D88-80AD-4DD8-BF86-ADC5CA26A3D3}.Debug|x64.ActiveCfg = Debug|Any CPU
		{62529D88-80AD-4DD8-BF86-ADC5CA26A3D3}.Debug|x64.Build.0 = Debug|Any CPU
		{62529D88-80AD-4DD8-BF86-ADC5CA26A3D3}.Debug|x86.ActiveCfg = Debug|Any CPU
		{62529D88-80AD-4DD8-BF86-ADC5CA26A3D3}.Debug|x86.Build.0 = Debug|Any CPU
		{62529D88-80AD-4DD8-BF86-ADC5CA26A3D3}.Release|Any CPU.ActiveCfg = Release|Any CPU
		{62529D88-80AD-4DD8-BF86-ADC5CA26A3D3}.Release|Any CPU.Build.0 = Release|Any CPU
		{62529D88-80AD-4DD8-BF86-ADC5CA26A3D3}.Release|x64.ActiveCfg = Release|Any CPU
		{62529D88-80AD-4DD8-BF86-ADC5CA26A3D3}.Release|x64.Build.0 = Release|Any CPU
		{62529D88-80AD-4DD8-BF86-ADC5CA26A3D3}.Release|x86.ActiveCfg = Release|Any CPU
		{62529D88-80AD-4DD8-BF86-ADC5CA26A3D3}.Release|x86.Build.0 = Release|Any CPU
	EndGlobalSection
	GlobalSection(SolutionProperties) = preSolution
		HideSolutionNode = FALSE
	EndGlobalSection
	GlobalSection(NestedProjects) = preSolution
		{62529D88-80AD-4DD8-BF86-ADC5CA26A3D3} = {B48EE214-6364-4810-B0E7-D633A0819D40}
	EndGlobalSection
	GlobalSection(ExtensibilityGlobals) = postSolution
		SolutionGuid = {376FC3E7-E179-47BA-866E-B55B4A3EB75C}
	EndGlobalSection
EndGlobal
